<Solution>
  <Folder Name="/src/">
    <Project Path="src/BioTwin_AI.AspNetCoreApi/BioTwin_AI.AspNetCoreApi.csproj" />
    <Project Path="src/BioTwin_AI.DotNetShared/BioTwin_AI.DotNetShared.csproj" />
  </Folder>
  <Folder Name="/tests/" />
  <Project Path="src\BioTwin_AI\BioTwin_AI.csproj" />
  <Project Path="tests\BioTwin_AI.Tests\BioTwin_AI.Tests.csproj" />
</Solution>
